
Microsoft Visual Studio Solution File, Format Version 12.00
# Visual Studio Version 16
VisualStudioVersion = 16.0.29319.158
MinimumVisualStudioVersion = 10.0.40219.1
Project("{9A19103F-16F7-4668-BE54-9A1E7A4F7556}") = "App", "App\App.csproj", "{980883A5-0572-4B40-BE02-844795D72B48}"
EndProject
Project("{FAE04EC0-301F-11D3-BF4B-00C04F79EFBC}") = "App.Android", "App.Android\App.Android.csproj", "{D8958C85-8E57-4502-851E-4F0CF61BAA81}"
EndProject
Project("{FAE04EC0-301F-11D3-BF4B-00C04F79EFBC}") = "App.iOS", "App.iOS\App.iOS.csproj", "{DCE3DC7B-4549-4B7C-A190-D6BAB7E93677}"
EndProject
Global
	GlobalSection(SolutionConfigurationPlatforms) = preSolution
		Debug|Any CPU = Debug|Any CPU
		Debug|iPhone = Debug|iPhone
		Debug|iPhoneSimulator = Debug|iPhoneSimulator
		Release|Any CPU = Release|Any CPU
		Release|iPhone = Release|iPhone
		Release|iPhoneSimulator = Release|iPhoneSimulator
	EndGlobalSection
	GlobalSection(ProjectConfigurationPlatforms) = postSolution
		{980883A5-0572-4B40-BE02-844795D72B48}.Debug|Any CPU.ActiveCfg = Debug|Any CPU
		{980883A5-0572-4B40-BE02-844795D72B48}.Debug|Any CPU.Build.0 = Debug|Any CPU
		{980883A5-0572-4B40-BE02-844795D72B48}.Debug|iPhone.ActiveCfg = Debug|Any CPU
		{980883A5-0572-4B40-BE02-844795D72B48}.Debug|iPhone.Build.0 = Debug|Any CPU
		{980883A5-0572-4B40-BE02-844795D72B48}.Debug|iPhoneSimulator.ActiveCfg = Debug|Any CPU
		{980883A5-0572-4B40-BE02-844795D72B48}.Debug|iPhoneSimulator.Build.0 = Debug|Any CPU
		{980883A5-0572-4B40-BE02-844795D72B48}.Release|Any CPU.ActiveCfg = Release|Any CPU
		{980883A5-0572-4B40-BE02-844795D72B48}.Release|Any CPU.Build.0 = Release|Any CPU
		{980883A5-0572-4B40-BE02-844795D72B48}.Release|iPhone.ActiveCfg = Release|Any CPU
		{980883A5-0572-4B40-BE02-844795D72B48}.Release|iPhone.Build.0 = Release|Any CPU
		{980883A5-0572-4B40-BE02-844795D72B48}.Release|iPhoneSimulator.ActiveCfg = Release|Any CPU
		{980883A5-0572-4B40-BE02-844795D72B48}.Release|iPhoneSimulator.Build.0 = Release|Any CPU
		{D8958C85-8E57-4502-851E-4F0CF61BAA81}.Debug|Any CPU.ActiveCfg = Debug|Any CPU
		{D8958C85-8E57-4502-851E-4F0CF61BAA81}.Debug|Any CPU.Build.0 = Debug|Any CPU
		{D8958C85-8E57-4502-851E-4F0CF61BAA81}.Debug|Any CPU.Deploy.0 = Debug|Any CPU
		{D8958C85-8E57-4502-851E-4F0CF61BAA81}.Debug|iPhone.ActiveCfg = Debug|Any CPU
		{D8958C85-8E57-4502-851E-4F0CF61BAA81}.Debug|iPhone.Build.0 = Debug|Any CPU
		{D8958C85-8E57-4502-851E-4F0CF61BAA81}.Debug|iPhone.Deploy.0 = Debug|Any CPU
		{D8958C85-8E57-4502-851E-4F0CF61BAA81}.Debug|iPhoneSimulator.ActiveCfg = Debug|Any CPU
		{D8958C85-8E57-4502-851E-4F0CF61BAA81}.Debug|iPhoneSimulator.Build.0 = Debug|Any CPU
		{D8958C85-8E57-4502-851E-4F0CF61BAA81}.Debug|iPhoneSimulator.Deploy.0 = Debug|Any CPU
		{D8958C85-8E57-4502-851E-4F0CF61BAA81}.Release|Any CPU.ActiveCfg = Release|Any CPU
		{D8958C85-8E57-4502-851E-4F0CF61BAA81}.Release|Any CPU.Build.0 = Release|Any CPU
		{D8958C85-8E57-4502-851E-4F0CF61BAA81}.Release|Any CPU.Deploy.0 = Release|Any CPU
		{D8958C85-8E57-4502-851E-4F0CF61BAA81}.Release|iPhone.ActiveCfg = Release|Any CPU
		{D8958C85-8E57-4502-851E-4F0CF61BAA81}.Release|iPhone.Build.0 = Release|Any CPU
		{D8958C85-8E57-4502-851E-4F0CF61BAA81}.Release|iPhone.Deploy.0 = Release|Any CPU
		{D8958C85-8E57-4502-851E-4F0CF61BAA81}.Release|iPhoneSimulator.ActiveCfg = Release|Any CPU
		{D8958C85-8E57-4502-851E-4F0CF61BAA81}.Release|iPhoneSimulator.Build.0 = Release|Any CPU
		{D8958C85-8E57-4502-851E-4F0CF61BAA81}.Release|iPhoneSimulator.Deploy.0 = Release|Any CPU
		{DCE3DC7B-4549-4B7C-A190-D6BAB7E93677}.Debug|Any CPU.ActiveCfg = Debug|iPhone
		{DCE3DC7B-4549-4B7C-A190-D6BAB7E93677}.Debug|iPhone.ActiveCfg = Debug|iPhone
		{DCE3DC7B-4549-4B7C-A190-D6BAB7E93677}.Debug|iPhone.Build.0 = Debug|iPhone
		{DCE3DC7B-4549-4B7C-A190-D6BAB7E93677}.Debug|iPhoneSimulator.ActiveCfg = Debug|iPhoneSimulator
		{DCE3DC7B-4549-4B7C-A190-D6BAB7E93677}.Debug|iPhoneSimulator.Build.0 = Debug|iPhoneSimulator
		{DCE3DC7B-4549-4B7C-A190-D6BAB7E93677}.Release|Any CPU.ActiveCfg = Release|iPhone
		{DCE3DC7B-4549-4B7C-A190-D6BAB7E93677}.Release|iPhone.ActiveCfg = Release|iPhone
		{DCE3DC7B-4549-4B7C-A190-D6BAB7E93677}.Release|iPhone.Build.0 = Release|iPhone
		{DCE3DC7B-4549-4B7C-A190-D6BAB7E93677}.Release|iPhoneSimulator.ActiveCfg = Release|iPhoneSimulator
		{DCE3DC7B-4549-4B7C-A190-D6BAB7E93677}.Release|iPhoneSimulator.Build.0 = Release|iPhoneSimulator
		{DCE3DC7B-4549-4B7C-A190-D6BAB7E93677}.Debug|Any CPU.Build.0 = Debug|iPhone
	EndGlobalSection
	GlobalSection(SolutionProperties) = preSolution
		HideSolutionNode = FALSE
	EndGlobalSection
	GlobalSection(ExtensibilityGlobals) = postSolution
		SolutionGuid = {B816959F-E220-4474-AC86-7C4CB507DFEE}
	EndGlobalSection
EndGlobal
